
Microsoft Visual Studio Solution File, Format Version 12.00
# Visual Studio Version 17
VisualStudioVersion = 17.13.35931.197 d17.13
MinimumVisualStudioVersion = 10.0.40219.1
Project("{FAE04EC0-301F-11D3-BF4B-00C04F79EFBC}") = "DatabaseTest", "DatabaseTest\DatabaseTest.csproj", "{C2652DDB-5CE7-44D9-B7BF-7EB20689F0CE}"
EndProject
Global
	GlobalSection(SolutionConfigurationPlatforms) = preSolution
		Debug|Any CPU = Debug|Any CPU
		Release|Any CPU = Release|Any CPU
	EndGlobalSection
	GlobalSection(ProjectConfigurationPlatforms) = postSolution
		{C2652DDB-5CE7-44D9-B7BF-7EB20689F0CE}.Debug|Any CPU.ActiveCfg = Debug|Any CPU
		{C2652DDB-5CE7-44D9-B7BF-7EB20689F0CE}.Debug|Any CPU.Build.0 = Debug|Any CPU
		{C2652DDB-5CE7-44D9-B7BF-7EB20689F0CE}.Release|Any CPU.ActiveCfg = Release|Any CPU
		{C2652DDB-5CE7-44D9-B7BF-7EB20689F0CE}.Release|Any CPU.Build.0 = Release|Any CPU
	EndGlobalSection
	GlobalSection(SolutionProperties) = preSolution
		HideSolutionNode = FALSE
	EndGlobalSection
	GlobalSection(ExtensibilityGlobals) = postSolution
		SolutionGuid = {21453469-377C-4D5A-A459-0DF9F66CA7CC}
	EndGlobalSection
EndGlobal
